
Microsoft Visual Studio Solution File, Format Version 12.00
# Visual Studio Version 17
VisualStudioVersion = 17.7.34024.191
MinimumVisualStudioVersion = 10.0.40219.1
Project("{FAE04EC0-301F-11D3-BF4B-00C04F79EFBC}") = "ZiDingYiXieYi", "ZiDingYiXieYi\ZiDingYiXieYi.csproj", "{1C3EEB9E-2E75-4908-9C44-5673A7EBFCDA}"
EndProject
Global
	GlobalSection(SolutionConfigurationPlatforms) = preSolution
		Debug|Any CPU = Debug|Any CPU
		Release|Any CPU = Release|Any CPU
	EndGlobalSection
	GlobalSection(ProjectConfigurationPlatforms) = postSolution
		{1C3EEB9E-2E75-4908-9C44-5673A7EBFCDA}.Debug|Any CPU.ActiveCfg = Debug|Any CPU
		{1C3EEB9E-2E75-4908-9C44-5673A7EBFCDA}.Debug|Any CPU.Build.0 = Debug|Any CPU
		{1C3EEB9E-2E75-4908-9C44-5673A7EBFCDA}.Release|Any CPU.ActiveCfg = Release|Any CPU
		{1C3EEB9E-2E75-4908-9C44-5673A7EBFCDA}.Release|Any CPU.Build.0 = Release|Any CPU
	EndGlobalSection
	GlobalSection(SolutionProperties) = preSolution
		HideSolutionNode = FALSE
	EndGlobalSection
	GlobalSection(ExtensibilityGlobals) = postSolution
		SolutionGuid = {2F1E7ED9-86CF-4045-B1E1-9D447D929466}
	EndGlobalSection
EndGlobal
